
Microsoft Visual Studio Solution File, Format Version 11.00
# Visual Studio 2010
Project("{FAE04EC0-301F-11D3-BF4B-00C04F79EFBC}") = "Linked List Tester", "Linked List Tester\Linked List Tester.csproj", "{96F0EC68-ACCB-4BBA-BE30-F16D189B874B}"
EndProject
Project("{FAE04EC0-301F-11D3-BF4B-00C04F79EFBC}") = "Linked List", "Linked List\Linked List.csproj", "{E98AC4A4-12CC-43E7-95E5-0D5FF3D8CF63}"
EndProject
Global
	GlobalSection(SolutionConfigurationPlatforms) = preSolution
		Debug|Any CPU = Debug|Any CPU
		Debug|Mixed Platforms = Debug|Mixed Platforms
		Debug|x86 = Debug|x86
		Release|Any CPU = Release|Any CPU
		Release|Mixed Platforms = Release|Mixed Platforms
		Release|x86 = Release|x86
	EndGlobalSection
	GlobalSection(ProjectConfigurationPlatforms) = postSolution
		{96F0EC68-ACCB-4BBA-BE30-F16D189B874B}.Debug|Any CPU.ActiveCfg = Debug|x86
		{96F0EC68-ACCB-4BBA-BE30-F16D189B874B}.Debug|Mixed Platforms.ActiveCfg = Debug|x86
		{96F0EC68-ACCB-4BBA-BE30-F16D189B874B}.Debug|Mixed Platforms.Build.0 = Debug|x86
		{96F0EC68-ACCB-4BBA-BE30-F16D189B874B}.Debug|x86.ActiveCfg = Debug|x86
		{96F0EC68-ACCB-4BBA-BE30-F16D189B874B}.Debug|x86.Build.0 = Debug|x86
		{96F0EC68-ACCB-4BBA-BE30-F16D189B874B}.Release|Any CPU.ActiveCfg = Release|x86
		{96F0EC68-ACCB-4BBA-BE30-F16D189B874B}.Release|Mixed Platforms.ActiveCfg = Release|x86
		{96F0EC68-ACCB-4BBA-BE30-F16D189B874B}.Release|Mixed Platforms.Build.0 = Release|x86
		{96F0EC68-ACCB-4BBA-BE30-F16D189B874B}.Release|x86.ActiveCfg = Release|x86
		{96F0EC68-ACCB-4BBA-BE30-F16D189B874B}.Release|x86.Build.0 = Release|x86
		{E98AC4A4-12CC-43E7-95E5-0D5FF3D8CF63}.Debug|Any CPU.ActiveCfg = Debug|Any CPU
		{E98AC4A4-12CC-43E7-95E5-0D5FF3D8CF63}.Debug|Any CPU.Build.0 = Debug|Any CPU
		{E98AC4A4-12CC-43E7-95E5-0D5FF3D8CF63}.Debug|Mixed Platforms.ActiveCfg = Debug|Any CPU
		{E98AC4A4-12CC-43E7-95E5-0D5FF3D8CF63}.Debug|Mixed Platforms.Build.0 = Debug|Any CPU
		{E98AC4A4-12CC-43E7-95E5-0D5FF3D8CF63}.Debug|x86.ActiveCfg = Debug|Any CPU
		{E98AC4A4-12CC-43E7-95E5-0D5FF3D8CF63}.Release|Any CPU.ActiveCfg = Release|Any CPU
		{E98AC4A4-12CC-43E7-95E5-0D5FF3D8CF63}.Release|Any CPU.Build.0 = Release|Any CPU
		{E98AC4A4-12CC-43E7-95E5-0D5FF3D8CF63}.Release|Mixed Platforms.ActiveCfg = Release|Any CPU
		{E98AC4A4-12CC-43E7-95E5-0D5FF3D8CF63}.Release|Mixed Platforms.Build.0 = Release|Any CPU
		{E98AC4A4-12CC-43E7-95E5-0D5FF3D8CF63}.Release|x86.ActiveCfg = Release|Any CPU
	EndGlobalSection
	GlobalSection(SolutionProperties) = preSolution
		HideSolutionNode = FALSE
	EndGlobalSection
EndGlobal
